// !$*UTF8*$!
{
	archiveVersion = 1;
	classes = {
	};
	objectVersion = 77;
	objects = {

/* Begin PBXBuildFile section */
		9DF491A22FBD83F600F87063 /* ZoneTruthApp in Frameworks */ = {isa = PBXBuildFile; productRef = 9DF491A12FBD83F600F87063 /* ZoneTruthApp */; };
/* End PBXBuildFile section */

/* Begin PBXContainerItemProxy section */
		9DF491672FBD7D5700F87063 /* PBXContainerItemProxy */ = {
			isa = PBXContainerItemProxy;
			containerPortal = 9DF491512FBD7D5300F87063 /* Project object */;
			proxyType = 1;
			remoteGlobalIDString = 9DF491582FBD7D5300F87063;
			remoteInfo = ZoneTruthHost;
		};
		9DF491712FBD7D5700F87063 /* PBXContainerItemProxy */ = {
			isa = PBXContainerItemProxy;
			containerPortal = 9DF491512FBD7D5300F87063 /* Project object */;
			proxyType = 1;
			remoteGlobalIDString = 9DF491582FBD7D5300F87063;
			remoteInfo = ZoneTruthHost;
		};
/* End PBXContainerItemProxy section */

/* Begin PBXFileReference section */
		9DF491592FBD7D5300F87063 /* ZoneTruthHost.app */ = {isa = PBXFileReference; explicitFileType = wrapper.application; includeInIndex = 0; path = ZoneTruthHost.app; sourceTree = BUILT_PRODUCTS_DIR; };
		9DF491662FBD7D5700F87063 /* ZoneTruthHostTests.xctest */ = {isa = PBXFileReference; explicitFileType = wrapper.cfbundle; includeInIndex = 0; path = ZoneTruthHostTests.xctest; sourceTree = BUILT_PRODUCTS_DIR; };
		9DF491702FBD7D5700F87063 /* ZoneTruthHostUITests.xctest */ = {isa = PBXFileReference; explicitFileType = wrapper.cfbundle; includeInIndex = 0; path = ZoneTruthHostUITests.xctest; sourceTree = BUILT_PRODUCTS_DIR; };
/* End PBXFileReference section */

/* Begin PBXFileSystemSynchronizedRootGroup section */
		9DF4915B2FBD7D5300F87063 /* ZoneTruthHost */ = {
			isa = PBXFileSystemSynchronizedRootGroup;
			path = ZoneTruthHost;
			sourceTree = "<group>";
		};
		9DF491692FBD7D5700F87063 /* ZoneTruthHostTests */ = {
			isa = PBXFileSystemSynchronizedRootGroup;
			path = ZoneTruthHostTests;
			sourceTree = "<group>";
		};
		9DF491732FBD7D5700F87063 /* ZoneTruthHostUITests */ = {
			isa = PBXFileSystemSynchronizedRootGroup;
			path = ZoneTruthHostUITests;
			sourceTree = "<group>";
		};
/* End PBXFileSystemSynchronizedRootGroup section */

/* Begin PBXFrameworksBuildPhase section */
		9DF491562FBD7D5300F87063 /* Frameworks */ = {
			isa = PBXFrameworksBuildPhase;
			buildActionMask = 2147483647;
			files = (
				9DF491A22FBD83F600F87063 /* ZoneTruthApp in Frameworks */,
			);
			runOnlyForDeploymentPostprocessing = 0;
		};
		9DF491632FBD7D5700F87063 /* Frameworks */ = {
			isa = PBXFrameworksBuildPhase;
			buildActionMask = 2147483647;
			files = (
			);
			runOnlyForDeploymentPostprocessing = 0;
		};
		9DF4916D2FBD7D5700F87063 /* Frameworks */ = {
			isa = PBXFrameworksBuildPhase;
			buildActionMask = 2147483647;
			files = (
			);
			runOnlyForDeploymentPostprocessing = 0;
		};
/* End PBXFrameworksBuildPhase section */

/* Begin PBXGroup section */
		9DF491502FBD7D5300F87063 = {
			isa = PBXGroup;
			children = (
				9DF4915B2FBD7D5300F87063 /* ZoneTruthHost */,
				9DF491692FBD7D5700F87063 /* ZoneTruthHostTests */,
				9DF491732FBD7D5700F87063 /* ZoneTruthHostUITests */,
				9DF491A02FBD83F600F87063 /* Frameworks */,
				9DF4915A2FBD7D5300F87063 /* Products */,
			);
			sourceTree = "<group>";
		};
		9DF4915A2FBD7D5300F87063 /* Products */ = {
			isa = PBXGroup;
			children = (
				9DF491592FBD7D5300F87063 /* ZoneTruthHost.app */,
				9DF491662FBD7D5700F87063 /* ZoneTruthHostTests.xctest */,
				9DF491702FBD7D5700F87063 /* ZoneTruthHostUITests.xctest */,
			);
			name = Products;
			sourceTree = "<group>";
		};
		9DF491A02FBD83F600F87063 /* Frameworks */ = {
			isa = PBXGroup;
			children = (
			);
			name = Frameworks;
			sourceTree = "<group>";
		};
/* End PBXGroup section */

/* Begin PBXNativeTarget section */
		9DF491582FBD7D5300F87063 /* ZoneTruthHost */ = {
			isa = PBXNativeTarget;
			buildConfigurationList = 9DF4917A2FBD7D5700F87063 /* Build configuration list for PBXNativeTarget "ZoneTruthHost" */;
			buildPhases = (
				9DF491552FBD7D5300F87063 /* Sources */,
				9DF491562FBD7D5300F87063 /* Frameworks */,
				9DF491572FBD7D5300F87063 /* Resources */,
			);
			buildRules = (
			);
			dependencies = (
			);
			fileSystemSynchronizedGroups = (
				9DF4915B2FBD7D5300F87063 /* ZoneTruthHost */,
			);
			name = ZoneTruthHost;
			productName = ZoneTruthHost;
			productReference = 9DF491592FBD7D5300F87063 /* ZoneTruthHost.app */;
			productType = "com.apple.product-type.application";
		};
		9DF491652FBD7D5700F87063 /* ZoneTruthHostTests */ = {
			isa = PBXNativeTarget;
			buildConfigurationList = 9DF4917D2FBD7D5700F87063 /* Build configuration list for PBXNativeTarget "ZoneTruthHostTests" */;
			buildPhases = (
				9DF491622FBD7D5700F87063 /* Sources */,
				9DF491632FBD7D5700F87063 /* Frameworks */,
				9DF491642FBD7D5700F87063 /* Resources */,
			);
			buildRules = (
			);
			dependencies = (
				9DF491682FBD7D5700F87063 /* PBXTargetDependency */,
			);
			fileSystemSynchronizedGroups = (
				9DF491692FBD7D5700F87063 /* ZoneTruthHostTests */,
			);
			name = ZoneTruthHostTests;
			productName = ZoneTruthHostTests;
			productReference = 9DF491662FBD7D5700F87063 /* ZoneTruthHostTests.xctest */;
			productType = "com.apple.product-type.bundle.unit-test";
		};
		9DF4916F2FBD7D5700F87063 /* ZoneTruthHostUITests */ = {
			isa = PBXNativeTarget;
			buildConfigurationList = 9DF491802FBD7D5700F87063 /* Build configuration list for PBXNativeTarget "ZoneTruthHostUITests" */;
			buildPhases = (
				9DF4916C2FBD7D5700F87063 /* Sources */,
				9DF4916D2FBD7D5700F87063 /* Frameworks */,
				9DF4916E2FBD7D5700F87063 /* Resources */,
			);
			buildRules = (
			);
			dependencies = (
				9DF491722FBD7D5700F87063 /* PBXTargetDependency */,
			);
			fileSystemSynchronizedGroups = (
				9DF491732FBD7D5700F87063 /* ZoneTruthHostUITests */,
			);
			name = ZoneTruthHostUITests;
			productName = ZoneTruthHostUITests;
			productReference = 9DF491702FBD7D5700F87063 /* ZoneTruthHostUITests.xctest */;
			productType = "com.apple.product-type.bundle.ui-testing";
		};
/* End PBXNativeTarget section */

/* Begin PBXProject section */
		9DF491512FBD7D5300F87063 /* Project object */ = {
			isa = PBXProject;
			attributes = {
				BuildIndependentTargetsInParallel = 1;
				LastSwiftUpdateCheck = 1640;
				LastUpgradeCheck = 1640;
				TargetAttributes = {
					9DF491582FBD7D5300F87063 = {
						CreatedOnToolsVersion = 16.4;
					};
					9DF491652FBD7D5700F87063 = {
						CreatedOnToolsVersion = 16.4;
						TestTargetID = 9DF491582FBD7D5300F87063;
					};
					9DF4916F2FBD7D5700F87063 = {
						CreatedOnToolsVersion = 16.4;
						TestTargetID = 9DF491582FBD7D5300F87063;
					};
				};
			};
			buildConfigurationList = 9DF491542FBD7D5300F87063 /* Build configuration list for PBXProject "ZoneTruthHost" */;
			developmentRegion = en;
			hasScannedForEncodings = 0;
			knownRegions = (
				en,
				Base,
			);
			mainGroup = 9DF491502FBD7D5300F87063;
			minimizedProjectReferenceProxies = 1;
			packageReferences = (
				9DF491932FBD810600F87063 /* XCLocalSwiftPackageReference ".." */,
			);
			preferredProjectObjectVersion = 77;
			productRefGroup = 9DF4915A2FBD7D5300F87063 /* Products */;
			projectDirPath = "";
			projectRoot = "";
			targets = (
				9DF491582FBD7D5300F87063 /* ZoneTruthHost */,
				9DF491652FBD7D5700F87063 /* ZoneTruthHostTests */,
				9DF4916F2FBD7D5700F87063 /* ZoneTruthHostUITests */,
			);
		};
/* End PBXProject section */

/* Begin PBXResourcesBuildPhase section */
		9DF491572FBD7D5300F87063 /* Resources */ = {
			isa = PBXResourcesBuildPhase;
			buildActionMask = 2147483647;
			files = (
			);
			runOnlyForDeploymentPostprocessing = 0;
		};
		9DF491642FBD7D5700F87063 /* Resources */ = {
			isa = PBXResourcesBuildPhase;
			buildActionMask = 2147483647;
			files = (
			);
			runOnlyForDeploymentPostprocessing = 0;
		};
		9DF4916E2FBD7D5700F87063 /* Resources */ = {
			isa = PBXResourcesBuildPhase;
			buildActionMask = 2147483647;
			files = (
			);
			runOnlyForDeploymentPostprocessing = 0;
		};
/* End PBXResourcesBuildPhase section */

/* Begin PBXSourcesBuildPhase section */
		9DF491552FBD7D5300F87063 /* Sources */ = {
			isa = PBXSourcesBuildPhase;
			buildActionMask = 2147483647;
			files = (
			);
			runOnlyForDeploymentPostprocessing = 0;
		};
		9DF491622FBD7D5700F87063 /* Sources */ = {
			isa = PBXSourcesBuildPhase;
			buildActionMask = 2147483647;
			files = (
			);
			runOnlyForDeploymentPostprocessing = 0;
		};
		9DF4916C2FBD7D5700F87063 /* Sources */ = {
			isa = PBXSourcesBuildPhase;
			buildActionMask = 2147483647;
			files = (
			);
			runOnlyForDeploymentPostprocessing = 0;
		};
/* End PBXSourcesBuildPhase section */

/* Begin PBXTargetDependency section */
		9DF491682FBD7D5700F87063 /* PBXTargetDependency */ = {
			isa = PBXTargetDependency;
			target = 9DF491582FBD7D5300F87063 /* ZoneTruthHost */;
			targetProxy = 9DF491672FBD7D5700F87063 /* PBXContainerItemProxy */;
		};
		9DF491722FBD7D5700F87063 /* PBXTargetDependency */ = {
			isa = PBXTargetDependency;
			target = 9DF491582FBD7D5300F87063 /* ZoneTruthHost */;
			targetProxy = 9DF491712FBD7D5700F87063 /* PBXContainerItemProxy */;
		};
/* End PBXTargetDependency section */

/* Begin XCBuildConfiguration section */
		9DF491782FBD7D5700F87063 /* Debug */ = {
			isa = XCBuildConfiguration;
			buildSettings = {
				ALWAYS_SEARCH_USER_PATHS = NO;
				ASSETCATALOG_COMPILER_GENERATE_SWIFT_ASSET_SYMBOL_EXTENSIONS = YES;
				CLANG_ANALYZER_NONNULL = YES;
				CLANG_ANALYZER_NUMBER_OBJECT_CONVERSION = YES_AGGRESSIVE;
				CLANG_CXX_LANGUAGE_STANDARD = "gnu++20";
				CLANG_ENABLE_MODULES = YES;
				CLANG_ENABLE_OBJC_ARC = YES;
				CLANG_ENABLE_OBJC_WEAK = YES;
				CLANG_WARN_BLOCK_CAPTURE_AUTORELEASING = YES;
				CLANG_WARN_BOOL_CONVERSION = YES;
				CLANG_WARN_COMMA = YES;
				CLANG_WARN_CONSTANT_CONVERSION = YES;
				CLANG_WARN_DEPRECATED_OBJC_IMPLEMENTATIONS = YES;
				CLANG_WARN_DIRECT_OBJC_ISA_USAGE = YES_ERROR;
				CLANG_WARN_DOCUMENTATION_COMMENTS = YES;
				CLANG_WARN_EMPTY_BODY = YES;
				CLANG_WARN_ENUM_CONVERSION = YES;
				CLANG_WARN_INFINITE_RECURSION = YES;
				CLANG_WARN_INT_CONVERSION = YES;
				CLANG_WARN_NON_LITERAL_NULL_CONVERSION = YES;
				CLANG_WARN_OBJC_IMPLICIT_RETAIN_SELF = YES;
				CLANG_WARN_OBJC_LITERAL_CONVERSION = YES;
				CLANG_WARN_OBJC_ROOT_CLASS = YES_ERROR;
				CLANG_WARN_QUOTED_INCLUDE_IN_FRAMEWORK_HEADER = YES;
				CLANG_WARN_RANGE_LOOP_ANALYSIS = YES;
				CLANG_WARN_STRICT_PROTOTYPES = YES;
				CLANG_WARN_SUSPICIOUS_MOVE = YES;
				CLANG_WARN_UNGUARDED_AVAILABILITY = YES_AGGRESSIVE;
				CLANG_WARN_UNREACHABLE_CODE = YES;
				CLANG_WARN__DUPLICATE_METHOD_MATCH = YES;
				COPY_PHASE_STRIP = NO;
				DEBUG_INFORMATION_FORMAT = dwarf;
				DEVELOPMENT_TEAM = P358EB3X9H;
				ENABLE_STRICT_OBJC_MSGSEND = YES;
				ENABLE_TESTABILITY = YES;
				ENABLE_USER_SCRIPT_SANDBOXING = YES;
				GCC_C_LANGUAGE_STANDARD = gnu17;
				GCC_DYNAMIC_NO_PIC = NO;
				GCC_NO_COMMON_BLOCKS = YES;
				GCC_OPTIMIZATION_LEVEL = 0;
				GCC_PREPROCESSOR_DEFINITIONS = (
					"DEBUG=1",
					"$(inherited)",
				);
				GCC_WARN_64_TO_32_BIT_CONVERSION = YES;
				GCC_WARN_ABOUT_RETURN_TYPE = YES_ERROR;
				GCC_WARN_UNDECLARED_SELECTOR = YES;
				GCC_WARN_UNINITIALIZED_AUTOS = YES_AGGRESSIVE;
				GCC_WARN_UNUSED_FUNCTION = YES;
				GCC_WARN_UNUSED_VARIABLE = YES;
				IPHONEOS_DEPLOYMENT_TARGET = 18.5;
				LOCALIZATION_PREFERS_STRING_CATALOGS = YES;
				MTL_ENABLE_DEBUG_INFO = INCLUDE_SOURCE;
				MTL_FAST_MATH = YES;
				ONLY_ACTIVE_ARCH = YES;
				SDKROOT = iphoneos;
				SWIFT_ACTIVE_COMPILATION_CONDITIONS = "DEBUG $(inherited)";
				SWIFT_OPTIMIZATION_LEVEL = "-Onone";
			};
			name = Debug;
		};
		9DF491792FBD7D5700F87063 /* Release */ = {
			isa = XCBuildConfiguration;
			buildSettings = {
				ALWAYS_SEARCH_USER_PATHS = NO;
				ASSETCATALOG_COMPILER_GENERATE_SWIFT_ASSET_SYMBOL_EXTENSIONS = YES;
				CLANG_ANALYZER_NONNULL = YES;
				CLANG_ANALYZER_NUMBER_OBJECT_CONVERSION = YES_AGGRESSIVE;
				CLANG_CXX_LANGUAGE_STANDARD = "gnu++20";
				CLANG_ENABLE_MODULES = YES;
				CLANG_ENABLE_OBJC_ARC = YES;
				CLANG_ENABLE_OBJC_WEAK = YES;
				CLANG_WARN_BLOCK_CAPTURE_AUTORELEASING = YES;
				CLANG_WARN_BOOL_CONVERSION = YES;
				CLANG_WARN_COMMA = YES;
				CLANG_WARN_CONSTANT_CONVERSION = YES;
				CLANG_WARN_DEPRECATED_OBJC_IMPLEMENTATIONS = YES;
				CLANG_WARN_DIRECT_OBJC_ISA_USAGE = YES_ERROR;
				CLANG_WARN_DOCUMENTATION_COMMENTS = YES;
				CLANG_WARN_EMPTY_BODY = YES;
				CLANG_WARN_ENUM_CONVERSION = YES;
				CLANG_WARN_INFINITE_RECURSION = YES;
				CLANG_WARN_INT_CONVERSION = YES;
				CLANG_WARN_NON_LITERAL_NULL_CONVERSION = YES;
				CLANG_WARN_OBJC_IMPLICIT_RETAIN_SELF = YES;
				CLANG_WARN_OBJC_LITERAL_CONVERSION = YES;
				CLANG_WARN_OBJC_ROOT_CLASS = YES_ERROR;
				CLANG_WARN_QUOTED_INCLUDE_IN_FRAMEWORK_HEADER = YES;
				CLANG_WARN_RANGE_LOOP_ANALYSIS = YES;
				CLANG_WARN_STRICT_PROTOTYPES = YES;
				CLANG_WARN_SUSPICIOUS_MOVE = YES;
				CLANG_WARN_UNGUARDED_AVAILABILITY = YES_AGGRESSIVE;
				CLANG_WARN_UNREACHABLE_CODE = YES;
				CLANG_WARN__DUPLICATE_METHOD_MATCH = YES;
				COPY_PHASE_STRIP = NO;
				DEBUG_INFORMATION_FORMAT = "dwarf-with-dsym";
				DEVELOPMENT_TEAM = P358EB3X9H;
				ENABLE_NS_ASSERTIONS = NO;
				ENABLE_STRICT_OBJC_MSGSEND = YES;
				ENABLE_USER_SCRIPT_SANDBOXING = YES;
				GCC_C_LANGUAGE_STANDARD = gnu17;
				GCC_NO_COMMON_BLOCKS = YES;
				GCC_WARN_64_TO_32_BIT_CONVERSION = YES;
				GCC_WARN_ABOUT_RETURN_TYPE = YES_ERROR;
				GCC_WARN_UNDECLARED_SELECTOR = YES;
				GCC_WARN_UNINITIALIZED_AUTOS = YES_AGGRESSIVE;
				GCC_WARN_UNUSED_FUNCTION = YES;
				GCC_WARN_UNUSED_VARIABLE = YES;
				IPHONEOS_DEPLOYMENT_TARGET = 18.5;
				LOCALIZATION_PREFERS_STRING_CATALOGS = YES;
				MTL_ENABLE_DEBUG_INFO = NO;
				MTL_FAST_MATH = YES;
				SDKROOT = iphoneos;
				SWIFT_COMPILATION_MODE = wholemodule;
				VALIDATE_PRODUCT = YES;
			};
			name = Release;
		};
		9DF4917B2FBD7D5700F87063 /* Debug */ = {
			isa = XCBuildConfiguration;
			buildSettings = {
				ASSETCATALOG_COMPILER_APPICON_NAME = AppIcon;
				ASSETCATALOG_COMPILER_GLOBAL_ACCENT_COLOR_NAME = AccentColor;
				CODE_SIGN_ENTITLEMENTS = ZoneTruthHost/ZoneTruthHost.entitlements;
				CODE_SIGN_STYLE = Automatic;
				CURRENT_PROJECT_VERSION = 2;
				DEVELOPMENT_TEAM = P358EB3X9H;
				ENABLE_PREVIEWS = YES;
				GENERATE_INFOPLIST_FILE = YES;
				INFOPLIST_KEY_CFBundleURLTypes = "{\"CFBundleURLName\"=>\"com.gavin.ZoneTruth.strava-callback\", \"CFBundleURLSchemes\"=>[\"zonetruth\"]}";
				INFOPLIST_KEY_NSHealthShareUsageDescription = "ZoneTruth needs to read your workout history and heart rate samples to analyze training quality.";
				INFOPLIST_KEY_NSHealthUpdateUsageDescription = "ZoneTruth does not write to Apple Health.";
				INFOPLIST_KEY_UIApplicationSceneManifest_Generation = YES;
				INFOPLIST_KEY_UIApplicationSupportsIndirectInputEvents = YES;
				INFOPLIST_KEY_UILaunchScreen_Generation = YES;
				INFOPLIST_KEY_UISupportedInterfaceOrientations_iPad = "UIInterfaceOrientationPortrait UIInterfaceOrientationPortraitUpsideDown UIInterfaceOrientationLandscapeLeft UIInterfaceOrientationLandscapeRight";
				INFOPLIST_KEY_UISupportedInterfaceOrientations_iPhone = "UIInterfaceOrientationPortrait UIInterfaceOrientationLandscapeLeft UIInterfaceOrientationLandscapeRight";
				LD_RUNPATH_SEARCH_PATHS = (
					"$(inherited)",
					"@executable_path/Frameworks",
				);
				MARKETING_VERSION = 1.0.1;
				PRODUCT_BUNDLE_IDENTIFIER = com.gavin.ZoneTruthHost;
				PRODUCT_NAME = "$(TARGET_NAME)";
				SWIFT_EMIT_LOC_STRINGS = YES;
				SWIFT_VERSION = 5.0;
				TARGETED_DEVICE_FAMILY = "1,2";
			};
			name = Debug;
		};
		9DF4917C2FBD7D5700F87063 /* Release */ = {
			isa = XCBuildConfiguration;
			buildSettings = {
				ASSETCATALOG_COMPILER_APPICON_NAME = AppIcon;
				ASSETCATALOG_COMPILER_GLOBAL_ACCENT_COLOR_NAME = AccentColor;
				CODE_SIGN_ENTITLEMENTS = ZoneTruthHost/ZoneTruthHost.entitlements;
				CODE_SIGN_STYLE = Automatic;
				CURRENT_PROJECT_VERSION = 2;
				DEVELOPMENT_TEAM = P358EB3X9H;
				ENABLE_PREVIEWS = YES;
				GENERATE_INFOPLIST_FILE = YES;
				INFOPLIST_KEY_CFBundleURLTypes = "{\"CFBundleURLName\"=>\"com.gavin.ZoneTruth.strava-callback\", \"CFBundleURLSchemes\"=>[\"zonetruth\"]}";
				INFOPLIST_KEY_NSHealthShareUsageDescription = "ZoneTruth needs to read your workout history and heart rate samples to analyze training quality.";
				INFOPLIST_KEY_NSHealthUpdateUsageDescription = "ZoneTruth does not write to Apple Health.";
				INFOPLIST_KEY_UIApplicationSceneManifest_Generation = YES;
				INFOPLIST_KEY_UIApplicationSupportsIndirectInputEvents = YES;
				INFOPLIST_KEY_UILaunchScreen_Generation = YES;
				INFOPLIST_KEY_UISupportedInterfaceOrientations_iPad = "UIInterfaceOrientationPortrait UIInterfaceOrientationPortraitUpsideDown UIInterfaceOrientationLandscapeLeft UIInterfaceOrientationLandscapeRight";
				INFOPLIST_KEY_UISupportedInterfaceOrientations_iPhone = "UIInterfaceOrientationPortrait UIInterfaceOrientationLandscapeLeft UIInterfaceOrientationLandscapeRight";
				LD_RUNPATH_SEARCH_PATHS = (
					"$(inherited)",
					"@executable_path/Frameworks",
				);
				MARKETING_VERSION = 1.0.1;
				PRODUCT_BUNDLE_IDENTIFIER = com.gavin.ZoneTruthHost;
				PRODUCT_NAME = "$(TARGET_NAME)";
				SWIFT_EMIT_LOC_STRINGS = YES;
				SWIFT_VERSION = 5.0;
				TARGETED_DEVICE_FAMILY = "1,2";
			};
			name = Release;
		};
		9DF4917E2FBD7D5700F87063 /* Debug */ = {
			isa = XCBuildConfiguration;
			buildSettings = {
				BUNDLE_LOADER = "$(TEST_HOST)";
				CODE_SIGN_STYLE = Automatic;
				CURRENT_PROJECT_VERSION = 2;
				DEVELOPMENT_TEAM = P358EB3X9H;
				GENERATE_INFOPLIST_FILE = YES;
				IPHONEOS_DEPLOYMENT_TARGET = 18.5;
				MARKETING_VERSION = 1.0.1;
				PRODUCT_BUNDLE_IDENTIFIER = com.gavin.ZoneTruthHostTests;
				PRODUCT_NAME = "$(TARGET_NAME)";
				SWIFT_EMIT_LOC_STRINGS = NO;
				SWIFT_VERSION = 5.0;
				TARGETED_DEVICE_FAMILY = "1,2";
				TEST_HOST = "$(BUILT_PRODUCTS_DIR)/ZoneTruthHost.app/$(BUNDLE_EXECUTABLE_FOLDER_PATH)/ZoneTruthHost";
			};
			name = Debug;
		};
		9DF4917F2FBD7D5700F87063 /* Release */ = {
			isa = XCBuildConfiguration;
			buildSettings = {
				BUNDLE_LOADER = "$(TEST_HOST)";
				CODE_SIGN_STYLE = Automatic;
				CURRENT_PROJECT_VERSION = 2;
				DEVELOPMENT_TEAM = P358EB3X9H;
				GENERATE_INFOPLIST_FILE = YES;
				IPHONEOS_DEPLOYMENT_TARGET = 18.5;
				MARKETING_VERSION = 1.0.1;
				PRODUCT_BUNDLE_IDENTIFIER = com.gavin.ZoneTruthHostTests;
				PRODUCT_NAME = "$(TARGET_NAME)";
				SWIFT_EMIT_LOC_STRINGS = NO;
				SWIFT_VERSION = 5.0;
				TARGETED_DEVICE_FAMILY = "1,2";
				TEST_HOST = "$(BUILT_PRODUCTS_DIR)/ZoneTruthHost.app/$(BUNDLE_EXECUTABLE_FOLDER_PATH)/ZoneTruthHost";
			};
			name = Release;
		};
		9DF491812FBD7D5700F87063 /* Debug */ = {
			isa = XCBuildConfiguration;
			buildSettings = {
				CODE_SIGN_STYLE = Automatic;
				CURRENT_PROJECT_VERSION = 2;
				DEVELOPMENT_TEAM = P358EB3X9H;
				GENERATE_INFOPLIST_FILE = YES;
				MARKETING_VERSION = 1.0.1;
				PRODUCT_BUNDLE_IDENTIFIER = com.gavin.ZoneTruthHostUITests;
				PRODUCT_NAME = "$(TARGET_NAME)";
				SWIFT_EMIT_LOC_STRINGS = NO;
				SWIFT_VERSION = 5.0;
				TARGETED_DEVICE_FAMILY = "1,2";
				TEST_TARGET_NAME = ZoneTruthHost;
			};
			name = Debug;
		};
		9DF491822FBD7D5700F87063 /* Release */ = {
			isa = XCBuildConfiguration;
			buildSettings = {
				CODE_SIGN_STYLE = Automatic;
				CURRENT_PROJECT_VERSION = 2;
				DEVELOPMENT_TEAM = P358EB3X9H;
				GENERATE_INFOPLIST_FILE = YES;
				MARKETING_VERSION = 1.0.1;
				PRODUCT_BUNDLE_IDENTIFIER = com.gavin.ZoneTruthHostUITests;
				PRODUCT_NAME = "$(TARGET_NAME)";
				SWIFT_EMIT_LOC_STRINGS = NO;
				SWIFT_VERSION = 5.0;
				TARGETED_DEVICE_FAMILY = "1,2";
				TEST_TARGET_NAME = ZoneTruthHost;
			};
			name = Release;
		};
/* End XCBuildConfiguration section */

/* Begin XCConfigurationList section */
		9DF491542FBD7D5300F87063 /* Build configuration list for PBXProject "ZoneTruthHost" */ = {
			isa = XCConfigurationList;
			buildConfigurations = (
				9DF491782FBD7D5700F87063 /* Debug */,
				9DF491792FBD7D5700F87063 /* Release */,
			);
			defaultConfigurationIsVisible = 0;
			defaultConfigurationName = Release;
		};
		9DF4917A2FBD7D5700F87063 /* Build configuration list for PBXNativeTarget "ZoneTruthHost" */ = {
			isa = XCConfigurationList;
			buildConfigurations = (
				9DF4917B2FBD7D5700F87063 /* Debug */,
				9DF4917C2FBD7D5700F87063 /* Release */,
			);
			defaultConfigurationIsVisible = 0;
			defaultConfigurationName = Release;
		};
		9DF4917D2FBD7D5700F87063 /* Build configuration list for PBXNativeTarget "ZoneTruthHostTests" */ = {
			isa = XCConfigurationList;
			buildConfigurations = (
				9DF4917E2FBD7D5700F87063 /* Debug */,
				9DF4917F2FBD7D5700F87063 /* Release */,
			);
			defaultConfigurationIsVisible = 0;
			defaultConfigurationName = Release;
		};
		9DF491802FBD7D5700F87063 /* Build configuration list for PBXNativeTarget "ZoneTruthHostUITests" */ = {
			isa = XCConfigurationList;
			buildConfigurations = (
				9DF491812FBD7D5700F87063 /* Debug */,
				9DF491822FBD7D5700F87063 /* Release */,
			);
			defaultConfigurationIsVisible = 0;
			defaultConfigurationName = Release;
		};
/* End XCConfigurationList section */

/* Begin XCLocalSwiftPackageReference section */
		9DF491932FBD810600F87063 /* XCLocalSwiftPackageReference ".." */ = {
			isa = XCLocalSwiftPackageReference;
			relativePath = ..;
		};
/* End XCLocalSwiftPackageReference section */

/* Begin XCSwiftPackageProductDependency section */
		9DF491A12FBD83F600F87063 /* ZoneTruthApp */ = {
			isa = XCSwiftPackageProductDependency;
			package = 9DF491932FBD810600F87063 /* XCLocalSwiftPackageReference ".." */;
			productName = ZoneTruthApp;
		};
/* End XCSwiftPackageProductDependency section */
	};
	rootObject = 9DF491512FBD7D5300F87063 /* Project object */;
}
